
Microsoft Visual Studio Solution File, Format Version 12.00
# Visual Studio Version 17
VisualStudioVersion = 17.3.32811.315
MinimumVisualStudioVersion = 10.0.40219.1
Project("{9A19103F-16F7-4668-BE54-9A1E7A4F7556}") = "Agenda", "Produtos\Agenda.csproj", "{F0848D37-AE61-4C6B-9168-73B15C6E3E4A}"
EndProject
Project("{9A19103F-16F7-4668-BE54-9A1E7A4F7556}") = "Consumidorapi", "Consumidorapi\Consumidorapi.csproj", "{23068E02-E414-4493-B031-75889F565ECC}"
EndProject
Global
	GlobalSection(SolutionConfigurationPlatforms) = preSolution
		Debug|Any CPU = Debug|Any CPU
		Release|Any CPU = Release|Any CPU
	EndGlobalSection
	GlobalSection(ProjectConfigurationPlatforms) = postSolution
		{F0848D37-AE61-4C6B-9168-73B15C6E3E4A}.Debug|Any CPU.ActiveCfg = Debug|Any CPU
		{F0848D37-AE61-4C6B-9168-73B15C6E3E4A}.Debug|Any CPU.Build.0 = Debug|Any CPU
		{F0848D37-AE61-4C6B-9168-73B15C6E3E4A}.Release|Any CPU.ActiveCfg = Release|Any CPU
		{F0848D37-AE61-4C6B-9168-73B15C6E3E4A}.Release|Any CPU.Build.0 = Release|Any CPU
		{23068E02-E414-4493-B031-75889F565ECC}.Debug|Any CPU.ActiveCfg = Debug|Any CPU
		{23068E02-E414-4493-B031-75889F565ECC}.Debug|Any CPU.Build.0 = Debug|Any CPU
		{23068E02-E414-4493-B031-75889F565ECC}.Release|Any CPU.ActiveCfg = Release|Any CPU
		{23068E02-E414-4493-B031-75889F565ECC}.Release|Any CPU.Build.0 = Release|Any CPU
	EndGlobalSection
	GlobalSection(SolutionProperties) = preSolution
		HideSolutionNode = FALSE
	EndGlobalSection
	GlobalSection(ExtensibilityGlobals) = postSolution
		SolutionGuid = {1FB39056-1E8A-4C3B-B129-8B02C94F9C7B}
	EndGlobalSection
EndGlobal
